// !$*UTF8*$!
{
	archiveVersion = 1;
	classes = {
	};
	objectVersion = 55;
	objects = {

/* Begin PBXBuildFile section */
		844380C0292DFD8E002FDA45 /* VSLib.docc in Sources */ = {isa = PBXBuildFile; fileRef = 844380BF292DFD8E002FDA45 /* VSLib.docc */; };
		844380C6292DFD8E002FDA45 /* VSLib.framework in Frameworks */ = {isa = PBXBuildFile; fileRef = 844380BB292DFD8E002FDA45 /* VSLib.framework */; };
		844380CB292DFD8E002FDA45 /* VSLibTests.swift in Sources */ = {isa = PBXBuildFile; fileRef = 844380CA292DFD8E002FDA45 /* VSLibTests.swift */; };
		844380CC292DFD8E002FDA45 /* VSLib.h in Headers */ = {isa = PBXBuildFile; fileRef = 844380BE292DFD8E002FDA45 /* VSLib.h */; settings = {ATTRIBUTES = (Public, ); }; };
		844380DC292DFEBF002FDA45 /* AppDelegate.swift in Sources */ = {isa = PBXBuildFile; fileRef = 844380DB292DFEBF002FDA45 /* AppDelegate.swift */; };
		844380DE292DFEBF002FDA45 /* SceneDelegate.swift in Sources */ = {isa = PBXBuildFile; fileRef = 844380DD292DFEBF002FDA45 /* SceneDelegate.swift */; };
		844380E0292DFEBF002FDA45 /* ViewController.swift in Sources */ = {isa = PBXBuildFile; fileRef = 844380DF292DFEBF002FDA45 /* ViewController.swift */; };
		844380E3292DFEC0002FDA45 /* Main.storyboard in Resources */ = {isa = PBXBuildFile; fileRef = 844380E1292DFEBF002FDA45 /* Main.storyboard */; };
		844380E5292DFEC2002FDA45 /* Assets.xcassets in Resources */ = {isa = PBXBuildFile; fileRef = 844380E4292DFEC2002FDA45 /* Assets.xcassets */; };
		844380E8292DFEC2002FDA45 /* LaunchScreen.storyboard in Resources */ = {isa = PBXBuildFile; fileRef = 844380E6292DFEC2002FDA45 /* LaunchScreen.storyboard */; };
		844380EE292E078E002FDA45 /* VSLib.swift in Sources */ = {isa = PBXBuildFile; fileRef = 844380ED292E078E002FDA45 /* VSLib.swift */; };
/* End PBXBuildFile section */

/* Begin PBXContainerItemProxy section */
		844380C7292DFD8E002FDA45 /* PBXContainerItemProxy */ = {
			isa = PBXContainerItemProxy;
			containerPortal = 844380B2292DFD8D002FDA45 /* Project object */;
			proxyType = 1;
			remoteGlobalIDString = 844380BA292DFD8E002FDA45;
			remoteInfo = VSLib;
		};
/* End PBXContainerItemProxy section */

/* Begin PBXFileReference section */
		844380BB292DFD8E002FDA45 /* VSLib.framework */ = {isa = PBXFileReference; explicitFileType = wrapper.framework; includeInIndex = 0; path = VSLib.framework; sourceTree = BUILT_PRODUCTS_DIR; };
		844380BE292DFD8E002FDA45 /* VSLib.h */ = {isa = PBXFileReference; lastKnownFileType = sourcecode.c.h; path = VSLib.h; sourceTree = "<group>"; };
		844380BF292DFD8E002FDA45 /* VSLib.docc */ = {isa = PBXFileReference; lastKnownFileType = folder.documentationcatalog; path = VSLib.docc; sourceTree = "<group>"; };
		844380C5292DFD8E002FDA45 /* VSLibTests.xctest */ = {isa = PBXFileReference; explicitFileType = wrapper.cfbundle; includeInIndex = 0; path = VSLibTests.xctest; sourceTree = BUILT_PRODUCTS_DIR; };
		844380CA292DFD8E002FDA45 /* VSLibTests.swift */ = {isa = PBXFileReference; lastKnownFileType = sourcecode.swift; path = VSLibTests.swift; sourceTree = "<group>"; };
		844380D9292DFEBF002FDA45 /* VSLibExample.app */ = {isa = PBXFileReference; explicitFileType = wrapper.application; includeInIndex = 0; path = VSLibExample.app; sourceTree = BUILT_PRODUCTS_DIR; };
		844380DB292DFEBF002FDA45 /* AppDelegate.swift */ = {isa = PBXFileReference; lastKnownFileType = sourcecode.swift; path = AppDelegate.swift; sourceTree = "<group>"; };
		844380DD292DFEBF002FDA45 /* SceneDelegate.swift */ = {isa = PBXFileReference; lastKnownFileType = sourcecode.swift; path = SceneDelegate.swift; sourceTree = "<group>"; };
		844380DF292DFEBF002FDA45 /* ViewController.swift */ = {isa = PBXFileReference; lastKnownFileType = sourcecode.swift; path = ViewController.swift; sourceTree = "<group>"; };
		844380E2292DFEBF002FDA45 /* Base */ = {isa = PBXFileReference; lastKnownFileType = file.storyboard; name = Base; path = Base.lproj/Main.storyboard; sourceTree = "<group>"; };
		844380E4292DFEC2002FDA45 /* Assets.xcassets */ = {isa = PBXFileReference; lastKnownFileType = folder.assetcatalog; path = Assets.xcassets; sourceTree = "<group>"; };
		844380E7292DFEC2002FDA45 /* Base */ = {isa = PBXFileReference; lastKnownFileType = file.storyboard; name = Base; path = Base.lproj/LaunchScreen.storyboard; sourceTree = "<group>"; };
		844380E9292DFEC2002FDA45 /* Info.plist */ = {isa = PBXFileReference; lastKnownFileType = text.plist.xml; path = Info.plist; sourceTree = "<group>"; };
		844380ED292E078E002FDA45 /* VSLib.swift */ = {isa = PBXFileReference; lastKnownFileType = sourcecode.swift; path = VSLib.swift; sourceTree = "<group>"; };
/* End PBXFileReference section */

/* Begin PBXFrameworksBuildPhase section */
		844380B8292DFD8E002FDA45 /* Frameworks */ = {
			isa = PBXFrameworksBuildPhase;
			buildActionMask = 2147483647;
			files = (
			);
			runOnlyForDeploymentPostprocessing = 0;
		};
		844380C2292DFD8E002FDA45 /* Frameworks */ = {
			isa = PBXFrameworksBuildPhase;
			buildActionMask = 2147483647;
			files = (
				844380C6292DFD8E002FDA45 /* VSLib.framework in Frameworks */,
			);
			runOnlyForDeploymentPostprocessing = 0;
		};
		844380D6292DFEBF002FDA45 /* Frameworks */ = {
			isa = PBXFrameworksBuildPhase;
			buildActionMask = 2147483647;
			files = (
			);
			runOnlyForDeploymentPostprocessing = 0;
		};
/* End PBXFrameworksBuildPhase section */

/* Begin PBXGroup section */
		844380B1292DFD8D002FDA45 = {
			isa = PBXGroup;
			children = (
				844380DA292DFEBF002FDA45 /* VSLibExample */,
				844380BD292DFD8E002FDA45 /* VSLib */,
				844380C9292DFD8E002FDA45 /* VSLibTests */,
				844380BC292DFD8E002FDA45 /* Products */,
			);
			sourceTree = "<group>";
		};
		844380BC292DFD8E002FDA45 /* Products */ = {
			isa = PBXGroup;
			children = (
				844380BB292DFD8E002FDA45 /* VSLib.framework */,
				844380C5292DFD8E002FDA45 /* VSLibTests.xctest */,
				844380D9292DFEBF002FDA45 /* VSLibExample.app */,
			);
			name = Products;
			sourceTree = "<group>";
		};
		844380BD292DFD8E002FDA45 /* VSLib */ = {
			isa = PBXGroup;
			children = (
				844380BE292DFD8E002FDA45 /* VSLib.h */,
				844380ED292E078E002FDA45 /* VSLib.swift */,
				844380BF292DFD8E002FDA45 /* VSLib.docc */,
			);
			path = VSLib;
			sourceTree = "<group>";
		};
		844380C9292DFD8E002FDA45 /* VSLibTests */ = {
			isa = PBXGroup;
			children = (
				844380CA292DFD8E002FDA45 /* VSLibTests.swift */,
			);
			path = VSLibTests;
			sourceTree = "<group>";
		};
		844380DA292DFEBF002FDA45 /* VSLibExample */ = {
			isa = PBXGroup;
			children = (
				844380DB292DFEBF002FDA45 /* AppDelegate.swift */,
				844380DD292DFEBF002FDA45 /* SceneDelegate.swift */,
				844380DF292DFEBF002FDA45 /* ViewController.swift */,
				844380E1292DFEBF002FDA45 /* Main.storyboard */,
				844380E4292DFEC2002FDA45 /* Assets.xcassets */,
				844380E6292DFEC2002FDA45 /* LaunchScreen.storyboard */,
				844380E9292DFEC2002FDA45 /* Info.plist */,
			);
			path = VSLibExample;
			sourceTree = "<group>";
		};
/* End PBXGroup section */

/* Begin PBXHeadersBuildPhase section */
		844380B6292DFD8E002FDA45 /* Headers */ = {
			isa = PBXHeadersBuildPhase;
			buildActionMask = 2147483647;
			files = (
				844380CC292DFD8E002FDA45 /* VSLib.h in Headers */,
			);
			runOnlyForDeploymentPostprocessing = 0;
		};
/* End PBXHeadersBuildPhase section */

/* Begin PBXNativeTarget section */
		844380BA292DFD8E002FDA45 /* VSLib */ = {
			isa = PBXNativeTarget;
			buildConfigurationList = 844380CF292DFD8E002FDA45 /* Build configuration list for PBXNativeTarget "VSLib" */;
			buildPhases = (
				844380B6292DFD8E002FDA45 /* Headers */,
				844380B7292DFD8E002FDA45 /* Sources */,
				844380B8292DFD8E002FDA45 /* Frameworks */,
				844380B9292DFD8E002FDA45 /* Resources */,
			);
			buildRules = (
			);
			dependencies = (
			);
			name = VSLib;
			productName = VSLib;
			productReference = 844380BB292DFD8E002FDA45 /* VSLib.framework */;
			productType = "com.apple.product-type.framework";
		};
		844380C4292DFD8E002FDA45 /* VSLibTests */ = {
			isa = PBXNativeTarget;
			buildConfigurationList = 844380D2292DFD8E002FDA45 /* Build configuration list for PBXNativeTarget "VSLibTests" */;
			buildPhases = (
				844380C1292DFD8E002FDA45 /* Sources */,
				844380C2292DFD8E002FDA45 /* Frameworks */,
				844380C3292DFD8E002FDA45 /* Resources */,
			);
			buildRules = (
			);
			dependencies = (
				844380C8292DFD8E002FDA45 /* PBXTargetDependency */,
			);
			name = VSLibTests;
			productName = VSLibTests;
			productReference = 844380C5292DFD8E002FDA45 /* VSLibTests.xctest */;
			productType = "com.apple.product-type.bundle.unit-test";
		};
		844380D8292DFEBF002FDA45 /* VSLibExample */ = {
			isa = PBXNativeTarget;
			buildConfigurationList = 844380EA292DFEC2002FDA45 /* Build configuration list for PBXNativeTarget "VSLibExample" */;
			buildPhases = (
				844380D5292DFEBF002FDA45 /* Sources */,
				844380D6292DFEBF002FDA45 /* Frameworks */,
				844380D7292DFEBF002FDA45 /* Resources */,
			);
			buildRules = (
			);
			dependencies = (
			);
			name = VSLibExample;
			productName = VSLibExample;
			productReference = 844380D9292DFEBF002FDA45 /* VSLibExample.app */;
			productType = "com.apple.product-type.application";
		};
/* End PBXNativeTarget section */

/* Begin PBXProject section */
		844380B2292DFD8D002FDA45 /* Project object */ = {
			isa = PBXProject;
			attributes = {
				BuildIndependentTargetsInParallel = 1;
				LastSwiftUpdateCheck = 1330;
				LastUpgradeCheck = 1330;
				TargetAttributes = {
					844380BA292DFD8E002FDA45 = {
						CreatedOnToolsVersion = 13.3.1;
					};
					844380C4292DFD8E002FDA45 = {
						CreatedOnToolsVersion = 13.3.1;
					};
					844380D8292DFEBF002FDA45 = {
						CreatedOnToolsVersion = 13.3.1;
					};
				};
			};
			buildConfigurationList = 844380B5292DFD8D002FDA45 /* Build configuration list for PBXProject "VSLib" */;
			compatibilityVersion = "Xcode 13.0";
			developmentRegion = en;
			hasScannedForEncodings = 0;
			knownRegions = (
				en,
				Base,
			);
			mainGroup = 844380B1292DFD8D002FDA45;
			productRefGroup = 844380BC292DFD8E002FDA45 /* Products */;
			projectDirPath = "";
			projectRoot = "";
			targets = (
				844380BA292DFD8E002FDA45 /* VSLib */,
				844380C4292DFD8E002FDA45 /* VSLibTests */,
				844380D8292DFEBF002FDA45 /* VSLibExample */,
			);
		};
/* End PBXProject section */

/* Begin PBXResourcesBuildPhase section */
		844380B9292DFD8E002FDA45 /* Resources */ = {
			isa = PBXResourcesBuildPhase;
			buildActionMask = 2147483647;
			files = (
			);
			runOnlyForDeploymentPostprocessing = 0;
		};
		844380C3292DFD8E002FDA45 /* Resources */ = {
			isa = PBXResourcesBuildPhase;
			buildActionMask = 2147483647;
			files = (
			);
			runOnlyForDeploymentPostprocessing = 0;
		};
		844380D7292DFEBF002FDA45 /* Resources */ = {
			isa = PBXResourcesBuildPhase;
			buildActionMask = 2147483647;
			files = (
				844380E8292DFEC2002FDA45 /* LaunchScreen.storyboard in Resources */,
				844380E5292DFEC2002FDA45 /* Assets.xcassets in Resources */,
				844380E3292DFEC0002FDA45 /* Main.storyboard in Resources */,
			);
			runOnlyForDeploymentPostprocessing = 0;
		};
/* End PBXResourcesBuildPhase section */

/* Begin PBXSourcesBuildPhase section */
		844380B7292DFD8E002FDA45 /* Sources */ = {
			isa = PBXSourcesBuildPhase;
			buildActionMask = 2147483647;
			files = (
				844380EE292E078E002FDA45 /* VSLib.swift in Sources */,
				844380C0292DFD8E002FDA45 /* VSLib.docc in Sources */,
			);
			runOnlyForDeploymentPostprocessing = 0;
		};
		844380C1292DFD8E002FDA45 /* Sources */ = {
			isa = PBXSourcesBuildPhase;
			buildActionMask = 2147483647;
			files = (
				844380CB292DFD8E002FDA45 /* VSLibTests.swift in Sources */,
			);
			runOnlyForDeploymentPostprocessing = 0;
		};
		844380D5292DFEBF002FDA45 /* Sources */ = {
			isa = PBXSourcesBuildPhase;
			buildActionMask = 2147483647;
			files = (
				844380E0292DFEBF002FDA45 /* ViewController.swift in Sources */,
				844380DC292DFEBF002FDA45 /* AppDelegate.swift in Sources */,
				844380DE292DFEBF002FDA45 /* SceneDelegate.swift in Sources */,
			);
			runOnlyForDeploymentPostprocessing = 0;
		};
/* End PBXSourcesBuildPhase section */

/* Begin PBXTargetDependency section */
		844380C8292DFD8E002FDA45 /* PBXTargetDependency */ = {
			isa = PBXTargetDependency;
			target = 844380BA292DFD8E002FDA45 /* VSLib */;
			targetProxy = 844380C7292DFD8E002FDA45 /* PBXContainerItemProxy */;
		};
/* End PBXTargetDependency section */

/* Begin PBXVariantGroup section */
		844380E1292DFEBF002FDA45 /* Main.storyboard */ = {
			isa = PBXVariantGroup;
			children = (
				844380E2292DFEBF002FDA45 /* Base */,
			);
			name = Main.storyboard;
			sourceTree = "<group>";
		};
		844380E6292DFEC2002FDA45 /* LaunchScreen.storyboard */ = {
			isa = PBXVariantGroup;
			children = (
				844380E7292DFEC2002FDA45 /* Base */,
			);
			name = LaunchScreen.storyboard;
			sourceTree = "<group>";
		};
/* End PBXVariantGroup section */

/* Begin XCBuildConfiguration section */
		844380CD292DFD8E002FDA45 /* Debug */ = {
			isa = XCBuildConfiguration;
			buildSettings = {
				ALWAYS_SEARCH_USER_PATHS = NO;
				CLANG_ANALYZER_NONNULL = YES;
				CLANG_ANALYZER_NUMBER_OBJECT_CONVERSION = YES_AGGRESSIVE;
				CLANG_CXX_LANGUAGE_STANDARD = "gnu++17";
				CLANG_ENABLE_MODULES = YES;
				CLANG_ENABLE_OBJC_ARC = YES;
				CLANG_ENABLE_OBJC_WEAK = YES;
				CLANG_WARN_BLOCK_CAPTURE_AUTORELEASING = YES;
				CLANG_WARN_BOOL_CONVERSION = YES;
				CLANG_WARN_COMMA = YES;
				CLANG_WARN_CONSTANT_CONVERSION = YES;
				CLANG_WARN_DEPRECATED_OBJC_IMPLEMENTATIONS = YES;
				CLANG_WARN_DIRECT_OBJC_ISA_USAGE = YES_ERROR;
				CLANG_WARN_DOCUMENTATION_COMMENTS = YES;
				CLANG_WARN_EMPTY_BODY = YES;
				CLANG_WARN_ENUM_CONVERSION = YES;
				CLANG_WARN_INFINITE_RECURSION = YES;
				CLANG_WARN_INT_CONVERSION = YES;
				CLANG_WARN_NON_LITERAL_NULL_CONVERSION = YES;
				CLANG_WARN_OBJC_IMPLICIT_RETAIN_SELF = YES;
				CLANG_WARN_OBJC_LITERAL_CONVERSION = YES;
				CLANG_WARN_OBJC_ROOT_CLASS = YES_ERROR;
				CLANG_WARN_QUOTED_INCLUDE_IN_FRAMEWORK_HEADER = YES;
				CLANG_WARN_RANGE_LOOP_ANALYSIS = YES;
				CLANG_WARN_STRICT_PROTOTYPES = YES;
				CLANG_WARN_SUSPICIOUS_MOVE = YES;
				CLANG_WARN_UNGUARDED_AVAILABILITY = YES_AGGRESSIVE;
				CLANG_WARN_UNREACHABLE_CODE = YES;
				CLANG_WARN__DUPLICATE_METHOD_MATCH = YES;
				COPY_PHASE_STRIP = NO;
				CURRENT_PROJECT_VERSION = 1;
				DEBUG_INFORMATION_FORMAT = dwarf;
				ENABLE_STRICT_OBJC_MSGSEND = YES;
				ENABLE_TESTABILITY = YES;
				GCC_C_LANGUAGE_STANDARD = gnu11;
				GCC_DYNAMIC_NO_PIC = NO;
				GCC_NO_COMMON_BLOCKS = YES;
				GCC_OPTIMIZATION_LEVEL = 0;
				GCC_PREPROCESSOR_DEFINITIONS = (
					"DEBUG=1",
					"$(inherited)",
				);
				GCC_WARN_64_TO_32_BIT_CONVERSION = YES;
				GCC_WARN_ABOUT_RETURN_TYPE = YES_ERROR;
				GCC_WARN_UNDECLARED_SELECTOR = YES;
				GCC_WARN_UNINITIALIZED_AUTOS = YES_AGGRESSIVE;
				GCC_WARN_UNUSED_FUNCTION = YES;
				GCC_WARN_UNUSED_VARIABLE = YES;
				IPHONEOS_DEPLOYMENT_TARGET = 15.4;
				MTL_ENABLE_DEBUG_INFO = INCLUDE_SOURCE;
				MTL_FAST_MATH = YES;
				ONLY_ACTIVE_ARCH = YES;
				SDKROOT = iphoneos;
				SWIFT_ACTIVE_COMPILATION_CONDITIONS = DEBUG;
				SWIFT_OPTIMIZATION_LEVEL = "-Onone";
				VERSIONING_SYSTEM = "apple-generic";
				VERSION_INFO_PREFIX = "";
			};
			name = Debug;
		};
		844380CE292DFD8E002FDA45 /* Release */ = {
			isa = XCBuildConfiguration;
			buildSettings = {
				ALWAYS_SEARCH_USER_PATHS = NO;
				CLANG_ANALYZER_NONNULL = YES;
				CLANG_ANALYZER_NUMBER_OBJECT_CONVERSION = YES_AGGRESSIVE;
				CLANG_CXX_LANGUAGE_STANDARD = "gnu++17";
				CLANG_ENABLE_MODULES = YES;
				CLANG_ENABLE_OBJC_ARC = YES;
				CLANG_ENABLE_OBJC_WEAK = YES;
				CLANG_WARN_BLOCK_CAPTURE_AUTORELEASING = YES;
				CLANG_WARN_BOOL_CONVERSION = YES;
				CLANG_WARN_COMMA = YES;
				CLANG_WARN_CONSTANT_CONVERSION = YES;
				CLANG_WARN_DEPRECATED_OBJC_IMPLEMENTATIONS = YES;
				CLANG_WARN_DIRECT_OBJC_ISA_USAGE = YES_ERROR;
				CLANG_WARN_DOCUMENTATION_COMMENTS = YES;
				CLANG_WARN_EMPTY_BODY = YES;
				CLANG_WARN_ENUM_CONVERSION = YES;
				CLANG_WARN_INFINITE_RECURSION = YES;
				CLANG_WARN_INT_CONVERSION = YES;
				CLANG_WARN_NON_LITERAL_NULL_CONVERSION = YES;
				CLANG_WARN_OBJC_IMPLICIT_RETAIN_SELF = YES;
				CLANG_WARN_OBJC_LITERAL_CONVERSION = YES;
				CLANG_WARN_OBJC_ROOT_CLASS = YES_ERROR;
				CLANG_WARN_QUOTED_INCLUDE_IN_FRAMEWORK_HEADER = YES;
				CLANG_WARN_RANGE_LOOP_ANALYSIS = YES;
				CLANG_WARN_STRICT_PROTOTYPES = YES;
				CLANG_WARN_SUSPICIOUS_MOVE = YES;
				CLANG_WARN_UNGUARDED_AVAILABILITY = YES_AGGRESSIVE;
				CLANG_WARN_UNREACHABLE_CODE = YES;
				CLANG_WARN__DUPLICATE_METHOD_MATCH = YES;
				COPY_PHASE_STRIP = NO;
				CURRENT_PROJECT_VERSION = 1;
				DEBUG_INFORMATION_FORMAT = "dwarf-with-dsym";
				ENABLE_NS_ASSERTIONS = NO;
				ENABLE_STRICT_OBJC_MSGSEND = YES;
				GCC_C_LANGUAGE_STANDARD = gnu11;
				GCC_NO_COMMON_BLOCKS = YES;
				GCC_WARN_64_TO_32_BIT_CONVERSION = YES;
				GCC_WARN_ABOUT_RETURN_TYPE = YES_ERROR;
				GCC_WARN_UNDECLARED_SELECTOR = YES;
				GCC_WARN_UNINITIALIZED_AUTOS = YES_AGGRESSIVE;
				GCC_WARN_UNUSED_FUNCTION = YES;
				GCC_WARN_UNUSED_VARIABLE = YES;
				IPHONEOS_DEPLOYMENT_TARGET = 15.4;
				MTL_ENABLE_DEBUG_INFO = NO;
				MTL_FAST_MATH = YES;
				SDKROOT = iphoneos;
				SWIFT_COMPILATION_MODE = wholemodule;
				SWIFT_OPTIMIZATION_LEVEL = "-O";
				VALIDATE_PRODUCT = YES;
				VERSIONING_SYSTEM = "apple-generic";
				VERSION_INFO_PREFIX = "";
			};
			name = Release;
		};
		844380D0292DFD8E002FDA45 /* Debug */ = {
			isa = XCBuildConfiguration;
			buildSettings = {
				CODE_SIGN_STYLE = Automatic;
				CURRENT_PROJECT_VERSION = 1;
				DEFINES_MODULE = YES;
				DEVELOPMENT_TEAM = XJU3EWTWN7;
				DYLIB_COMPATIBILITY_VERSION = 1;
				DYLIB_CURRENT_VERSION = 1;
				DYLIB_INSTALL_NAME_BASE = "@rpath";
				GENERATE_INFOPLIST_FILE = YES;
				INFOPLIST_KEY_NSHumanReadableCopyright = "";
				INSTALL_PATH = "$(LOCAL_LIBRARY_DIR)/Frameworks";
				LD_RUNPATH_SEARCH_PATHS = (
					"$(inherited)",
					"@executable_path/Frameworks",
					"@loader_path/Frameworks",
				);
				MARKETING_VERSION = 1.0;
				PRODUCT_BUNDLE_IDENTIFIER = ADMIN.VSLib;
				PRODUCT_NAME = "$(TARGET_NAME:c99extidentifier)";
				SKIP_INSTALL = YES;
				SWIFT_EMIT_LOC_STRINGS = YES;
				SWIFT_VERSION = 5.0;
				TARGETED_DEVICE_FAMILY = "1,2";
			};
			name = Debug;
		};
		844380D1292DFD8E002FDA45 /* Release */ = {
			isa = XCBuildConfiguration;
			buildSettings = {
				CODE_SIGN_STYLE = Automatic;
				CURRENT_PROJECT_VERSION = 1;
				DEFINES_MODULE = YES;
				DEVELOPMENT_TEAM = XJU3EWTWN7;
				DYLIB_COMPATIBILITY_VERSION = 1;
				DYLIB_CURRENT_VERSION = 1;
				DYLIB_INSTALL_NAME_BASE = "@rpath";
				GENERATE_INFOPLIST_FILE = YES;
				INFOPLIST_KEY_NSHumanReadableCopyright = "";
				INSTALL_PATH = "$(LOCAL_LIBRARY_DIR)/Frameworks";
				LD_RUNPATH_SEARCH_PATHS = (
					"$(inherited)",
					"@executable_path/Frameworks",
					"@loader_path/Frameworks",
				);
				MARKETING_VERSION = 1.0;
				PRODUCT_BUNDLE_IDENTIFIER = ADMIN.VSLib;
				PRODUCT_NAME = "$(TARGET_NAME:c99extidentifier)";
				SKIP_INSTALL = YES;
				SWIFT_EMIT_LOC_STRINGS = YES;
				SWIFT_VERSION = 5.0;
				TARGETED_DEVICE_FAMILY = "1,2";
			};
			name = Release;
		};
		844380D3292DFD8E002FDA45 /* Debug */ = {
			isa = XCBuildConfiguration;
			buildSettings = {
				ALWAYS_EMBED_SWIFT_STANDARD_LIBRARIES = YES;
				CODE_SIGN_STYLE = Automatic;
				CURRENT_PROJECT_VERSION = 1;
				DEVELOPMENT_TEAM = XJU3EWTWN7;
				GENERATE_INFOPLIST_FILE = YES;
				MARKETING_VERSION = 1.0;
				PRODUCT_BUNDLE_IDENTIFIER = ADMIN.VSLibTests;
				PRODUCT_NAME = "$(TARGET_NAME)";
				SWIFT_EMIT_LOC_STRINGS = NO;
				SWIFT_VERSION = 5.0;
				TARGETED_DEVICE_FAMILY = "1,2";
			};
			name = Debug;
		};
		844380D4292DFD8E002FDA45 /* Release */ = {
			isa = XCBuildConfiguration;
			buildSettings = {
				ALWAYS_EMBED_SWIFT_STANDARD_LIBRARIES = YES;
				CODE_SIGN_STYLE = Automatic;
				CURRENT_PROJECT_VERSION = 1;
				DEVELOPMENT_TEAM = XJU3EWTWN7;
				GENERATE_INFOPLIST_FILE = YES;
				MARKETING_VERSION = 1.0;
				PRODUCT_BUNDLE_IDENTIFIER = ADMIN.VSLibTests;
				PRODUCT_NAME = "$(TARGET_NAME)";
				SWIFT_EMIT_LOC_STRINGS = NO;
				SWIFT_VERSION = 5.0;
				TARGETED_DEVICE_FAMILY = "1,2";
			};
			name = Release;
		};
		844380EB292DFEC2002FDA45 /* Debug */ = {
			isa = XCBuildConfiguration;
			buildSettings = {
				ASSETCATALOG_COMPILER_APPICON_NAME = AppIcon;
				ASSETCATALOG_COMPILER_GLOBAL_ACCENT_COLOR_NAME = AccentColor;
				CODE_SIGN_STYLE = Automatic;
				CURRENT_PROJECT_VERSION = 1;
				DEVELOPMENT_TEAM = XJU3EWTWN7;
				GENERATE_INFOPLIST_FILE = YES;
				INFOPLIST_FILE = VSLibExample/Info.plist;
				INFOPLIST_KEY_UIApplicationSupportsIndirectInputEvents = YES;
				INFOPLIST_KEY_UILaunchStoryboardName = LaunchScreen;
				INFOPLIST_KEY_UIMainStoryboardFile = Main;
				INFOPLIST_KEY_UISupportedInterfaceOrientations_iPad = "UIInterfaceOrientationPortrait UIInterfaceOrientationPortraitUpsideDown UIInterfaceOrientationLandscapeLeft UIInterfaceOrientationLandscapeRight";
				INFOPLIST_KEY_UISupportedInterfaceOrientations_iPhone = "UIInterfaceOrientationPortrait UIInterfaceOrientationLandscapeLeft UIInterfaceOrientationLandscapeRight";
				LD_RUNPATH_SEARCH_PATHS = (
					"$(inherited)",
					"@executable_path/Frameworks",
				);
				MARKETING_VERSION = 1.0;
				PRODUCT_BUNDLE_IDENTIFIER = ADMIN.VSLibExample;
				PRODUCT_NAME = "$(TARGET_NAME)";
				SWIFT_EMIT_LOC_STRINGS = YES;
				SWIFT_VERSION = 5.0;
				TARGETED_DEVICE_FAMILY = "1,2";
			};
			name = Debug;
		};
		844380EC292DFEC2002FDA45 /* Release */ = {
			isa = XCBuildConfiguration;
			buildSettings = {
				ASSETCATALOG_COMPILER_APPICON_NAME = AppIcon;
				ASSETCATALOG_COMPILER_GLOBAL_ACCENT_COLOR_NAME = AccentColor;
				CODE_SIGN_STYLE = Automatic;
				CURRENT_PROJECT_VERSION = 1;
				DEVELOPMENT_TEAM = XJU3EWTWN7;
				GENERATE_INFOPLIST_FILE = YES;
				INFOPLIST_FILE = VSLibExample/Info.plist;
				INFOPLIST_KEY_UIApplicationSupportsIndirectInputEvents = YES;
				INFOPLIST_KEY_UILaunchStoryboardName = LaunchScreen;
				INFOPLIST_KEY_UIMainStoryboardFile = Main;
				INFOPLIST_KEY_UISupportedInterfaceOrientations_iPad = "UIInterfaceOrientationPortrait UIInterfaceOrientationPortraitUpsideDown UIInterfaceOrientationLandscapeLeft UIInterfaceOrientationLandscapeRight";
				INFOPLIST_KEY_UISupportedInterfaceOrientations_iPhone = "UIInterfaceOrientationPortrait UIInterfaceOrientationLandscapeLeft UIInterfaceOrientationLandscapeRight";
				LD_RUNPATH_SEARCH_PATHS = (
					"$(inherited)",
					"@executable_path/Frameworks",
				);
				MARKETING_VERSION = 1.0;
				PRODUCT_BUNDLE_IDENTIFIER = ADMIN.VSLibExample;
				PRODUCT_NAME = "$(TARGET_NAME)";
				SWIFT_EMIT_LOC_STRINGS = YES;
				SWIFT_VERSION = 5.0;
				TARGETED_DEVICE_FAMILY = "1,2";
			};
			name = Release;
		};
/* End XCBuildConfiguration section */

/* Begin XCConfigurationList section */
		844380B5292DFD8D002FDA45 /* Build configuration list for PBXProject "VSLib" */ = {
			isa = XCConfigurationList;
			buildConfigurations = (
				844380CD292DFD8E002FDA45 /* Debug */,
				844380CE292DFD8E002FDA45 /* Release */,
			);
			defaultConfigurationIsVisible = 0;
			defaultConfigurationName = Release;
		};
		844380CF292DFD8E002FDA45 /* Build configuration list for PBXNativeTarget "VSLib" */ = {
			isa = XCConfigurationList;
			buildConfigurations = (
				844380D0292DFD8E002FDA45 /* Debug */,
				844380D1292DFD8E002FDA45 /* Release */,
			);
			defaultConfigurationIsVisible = 0;
			defaultConfigurationName = Release;
		};
		844380D2292DFD8E002FDA45 /* Build configuration list for PBXNativeTarget "VSLibTests" */ = {
			isa = XCConfigurationList;
			buildConfigurations = (
				844380D3292DFD8E002FDA45 /* Debug */,
				844380D4292DFD8E002FDA45 /* Release */,
			);
			defaultConfigurationIsVisible = 0;
			defaultConfigurationName = Release;
		};
		844380EA292DFEC2002FDA45 /* Build configuration list for PBXNativeTarget "VSLibExample" */ = {
			isa = XCConfigurationList;
			buildConfigurations = (
				844380EB292DFEC2002FDA45 /* Debug */,
				844380EC292DFEC2002FDA45 /* Release */,
			);
			defaultConfigurationIsVisible = 0;
			defaultConfigurationName = Release;
		};
/* End XCConfigurationList section */
	};
	rootObject = 844380B2292DFD8D002FDA45 /* Project object */;
}
